{
  "name": "vue3-vite",
  "version": "0.0.0",
  "lockfileVersion": 1,
  "requires": true,
  "dependencies": {
    "@babel/helper-validator-identifier": {
      "version": "7.12.11",
      "resolved": "http://nodepackages.hellobike.cn:4873/@babel%2fhelper-validator-identifier/-/helper-validator-identifier-7.12.11.tgz",
      "integrity": "sha1-yaHwIZF9y1zPDU5FPjmQIpgfye0=",
      "dev": true
    },
    "@babel/parser": {
      "version": "7.13.13",
      "resolved": "http://nodepackages.hellobike.cn:4873/@babel%2fparser/-/parser-7.13.13.tgz",
      "integrity": "sha1-QvA4YvSu1QRh5UMnCRa0fdUB8N8=",
      "dev": true
    },
    "@babel/types": {
      "version": "7.13.14",
      "resolved": "http://nodepackages.hellobike.cn:4873/@babel%2ftypes/-/types-7.13.14.tgz",
      "integrity": "sha1-w1pKuxXHzUWidG14qzKONiy6zg0=",
      "dev": true,
      "requires": {
        "@babel/helper-validator-identifier": "^7.12.11",
        "lodash": "^4.17.19",
        "to-fast-properties": "^2.0.0"
      }
    },
    "@element-plus/icons-vue": {
      "version": "0.2.4",
      "resolved": "https://registry.npmjs.org/@element-plus/icons-vue/-/icons-vue-0.2.4.tgz",
      "integrity": "sha512-RsJNyL58rwxtsjeMy34o8txkL6UlME1stWsUlRpTac6UE9Bx9gdJvnDXbIKhOJqBLX17fBjmposdrn6VTqim2w=="
    },
    "@popperjs/core": {
      "version": "2.11.0",
      "resolved": "https://registry.npmjs.org/@popperjs/core/-/core-2.11.0.tgz",
      "integrity": "sha512-zrsUxjLOKAzdewIDRWy9nsV1GQsKBCWaGwsZQlCgr6/q+vjyZhFgqedLfFBuI9anTPEUT4APq9Mu0SZBTzIcGQ=="
    },
    "@types/json-schema": {
      "version": "7.0.9",
      "resolved": "https://registry.npmjs.org/@types/json-schema/-/json-schema-7.0.9.tgz",
      "integrity": "sha512-qcUXuemtEu+E5wZSJHNxUXeCZhAfXKQ41D+duX+VYPde7xyEVZci+/oXKJL13tnRs9lR2pr4fod59GT6/X1/yQ==",
      "dev": true
    },
    "@vitejs/plugin-vue": {
      "version": "1.2.1",
      "resolved": "http://nodepackages.hellobike.cn:4873/@vitejs%2fplugin-vue/-/plugin-vue-1.2.1.tgz",
      "integrity": "sha1-beSUNvw0b4KaVmdgZkKOPwEVIqw=",
      "dev": true
    },
    "@vue/compiler-core": {
      "version": "3.0.10",
      "resolved": "http://nodepackages.hellobike.cn:4873/@vue%2fcompiler-core/-/compiler-core-3.0.10.tgz",
      "integrity": "sha1-ztkhIMa5ure2xE3+Xj5c8upCJTE=",
      "dev": true,
      "requires": {
        "@babel/parser": "^7.12.0",
        "@babel/types": "^7.12.0",
        "@vue/shared": "3.0.10",
        "estree-walker": "^2.0.1",
        "source-map": "^0.6.1"
      }
    },
    "@vue/compiler-dom": {
      "version": "3.0.10",
      "resolved": "http://nodepackages.hellobike.cn:4873/@vue%2fcompiler-dom/-/compiler-dom-3.0.10.tgz",
      "integrity": "sha1-WdNZdJjn1LC5LziGqCP5nVsI8f4=",
      "dev": true,
      "requires": {
        "@vue/compiler-core": "3.0.10",
        "@vue/shared": "3.0.10"
      }
    },
    "@vue/compiler-sfc": {
      "version": "3.0.10",
      "resolved": "http://nodepackages.hellobike.cn:4873/@vue%2fcompiler-sfc/-/compiler-sfc-3.0.10.tgz",
      "integrity": "sha1-3mvJvn9asdlEBIqb4Exyw1cdQyE=",
      "dev": true,
      "requires": {
        "@babel/parser": "^7.13.9",
        "@babel/types": "^7.13.0",
        "@vue/compiler-core": "3.0.10",
        "@vue/compiler-dom": "3.0.10",
        "@vue/compiler-ssr": "3.0.10",
        "@vue/shared": "3.0.10",
        "consolidate": "^0.16.0",
        "estree-walker": "^2.0.1",
        "hash-sum": "^2.0.0",
        "lru-cache": "^5.1.1",
        "magic-string": "^0.25.7",
        "merge-source-map": "^1.1.0",
        "postcss": "^8.1.10",
        "postcss-modules": "^4.0.0",
        "postcss-selector-parser": "^6.0.4",
        "source-map": "^0.6.1"
      }
    },
    "@vue/compiler-ssr": {
      "version": "3.0.10",
      "resolved": "http://nodepackages.hellobike.cn:4873/@vue%2fcompiler-ssr/-/compiler-ssr-3.0.10.tgz",
      "integrity": "sha1-bMxke9pJwPwcoQAhnpxxJo4EgSA=",
      "dev": true,
      "requires": {
        "@vue/compiler-dom": "3.0.10",
        "@vue/shared": "3.0.10"
      }
    },
    "@vue/reactivity": {
      "version": "3.2.26",
      "resolved": "https://registry.npmjs.org/@vue/reactivity/-/reactivity-3.2.26.tgz",
      "integrity": "sha512-h38bxCZLW6oFJVDlCcAiUKFnXI8xP8d+eO0pcDxx+7dQfSPje2AO6M9S9QO6MrxQB7fGP0DH0dYQ8ksf6hrXKQ==",
      "requires": {
        "@vue/shared": "3.2.26"
      },
      "dependencies": {
        "@vue/shared": {
          "version": "3.2.26",
          "resolved": "https://registry.npmjs.org/@vue/shared/-/shared-3.2.26.tgz",
          "integrity": "sha512-vPV6Cq+NIWbH5pZu+V+2QHE9y1qfuTq49uNWw4f7FDEeZaDU2H2cx5jcUZOAKW7qTrUS4k6qZPbMy1x4N96nbA=="
        }
      }
    },
    "@vue/reactivity-transform": {
      "version": "3.2.26",
      "resolved": "https://registry.npmjs.org/@vue/reactivity-transform/-/reactivity-transform-3.2.26.tgz",
      "integrity": "sha512-XKMyuCmzNA7nvFlYhdKwD78rcnmPb7q46uoR00zkX6yZrUmcCQ5OikiwUEVbvNhL5hBJuvbSO95jB5zkUon+eQ==",
      "requires": {
        "@babel/parser": "^7.16.4",
        "@vue/compiler-core": "3.2.26",
        "@vue/shared": "3.2.26",
        "estree-walker": "^2.0.2",
        "magic-string": "^0.25.7"
      },
      "dependencies": {
        "@babel/parser": {
          "version": "7.16.6",
          "resolved": "https://registry.npmjs.org/@babel/parser/-/parser-7.16.6.tgz",
          "integrity": "sha512-Gr86ujcNuPDnNOY8mi383Hvi8IYrJVJYuf3XcuBM/Dgd+bINn/7tHqsj+tKkoreMbmGsFLsltI/JJd8fOFWGDQ=="
        },
        "@vue/compiler-core": {
          "version": "3.2.26",
          "resolved": "https://registry.npmjs.org/@vue/compiler-core/-/compiler-core-3.2.26.tgz",
          "integrity": "sha512-N5XNBobZbaASdzY9Lga2D9Lul5vdCIOXvUMd6ThcN8zgqQhPKfCV+wfAJNNJKQkSHudnYRO2gEB+lp0iN3g2Tw==",
          "requires": {
            "@babel/parser": "^7.16.4",
            "@vue/shared": "3.2.26",
            "estree-walker": "^2.0.2",
            "source-map": "^0.6.1"
          }
        },
        "@vue/shared": {
          "version": "3.2.26",
          "resolved": "https://registry.npmjs.org/@vue/shared/-/shared-3.2.26.tgz",
          "integrity": "sha512-vPV6Cq+NIWbH5pZu+V+2QHE9y1qfuTq49uNWw4f7FDEeZaDU2H2cx5jcUZOAKW7qTrUS4k6qZPbMy1x4N96nbA=="
        }
      }
    },
    "@vue/runtime-core": {
      "version": "3.2.26",
      "resolved": "https://registry.npmjs.org/@vue/runtime-core/-/runtime-core-3.2.26.tgz",
      "integrity": "sha512-BcYi7qZ9Nn+CJDJrHQ6Zsmxei2hDW0L6AB4vPvUQGBm2fZyC0GXd/4nVbyA2ubmuhctD5RbYY8L+5GUJszv9mQ==",
      "requires": {
        "@vue/reactivity": "3.2.26",
        "@vue/shared": "3.2.26"
      },
      "dependencies": {
        "@vue/shared": {
          "version": "3.2.26",
          "resolved": "https://registry.npmjs.org/@vue/shared/-/shared-3.2.26.tgz",
          "integrity": "sha512-vPV6Cq+NIWbH5pZu+V+2QHE9y1qfuTq49uNWw4f7FDEeZaDU2H2cx5jcUZOAKW7qTrUS4k6qZPbMy1x4N96nbA=="
        }
      }
    },
    "@vue/runtime-dom": {
      "version": "3.2.26",
      "resolved": "https://registry.npmjs.org/@vue/runtime-dom/-/runtime-dom-3.2.26.tgz",
      "integrity": "sha512-dY56UIiZI+gjc4e8JQBwAifljyexfVCkIAu/WX8snh8vSOt/gMSEGwPRcl2UpYpBYeyExV8WCbgvwWRNt9cHhQ==",
      "requires": {
        "@vue/runtime-core": "3.2.26",
        "@vue/shared": "3.2.26",
        "csstype": "^2.6.8"
      },
      "dependencies": {
        "@vue/shared": {
          "version": "3.2.26",
          "resolved": "https://registry.npmjs.org/@vue/shared/-/shared-3.2.26.tgz",
          "integrity": "sha512-vPV6Cq+NIWbH5pZu+V+2QHE9y1qfuTq49uNWw4f7FDEeZaDU2H2cx5jcUZOAKW7qTrUS4k6qZPbMy1x4N96nbA=="
        }
      }
    },
    "@vue/server-renderer": {
      "version": "3.2.26",
      "resolved": "https://registry.npmjs.org/@vue/server-renderer/-/server-renderer-3.2.26.tgz",
      "integrity": "sha512-Jp5SggDUvvUYSBIvYEhy76t4nr1vapY/FIFloWmQzn7UxqaHrrBpbxrqPcTrSgGrcaglj0VBp22BKJNre4aA1w==",
      "requires": {
        "@vue/compiler-ssr": "3.2.26",
        "@vue/shared": "3.2.26"
      },
      "dependencies": {
        "@babel/parser": {
          "version": "7.16.6",
          "resolved": "https://registry.npmjs.org/@babel/parser/-/parser-7.16.6.tgz",
          "integrity": "sha512-Gr86ujcNuPDnNOY8mi383Hvi8IYrJVJYuf3XcuBM/Dgd+bINn/7tHqsj+tKkoreMbmGsFLsltI/JJd8fOFWGDQ=="
        },
        "@vue/compiler-core": {
          "version": "3.2.26",
          "resolved": "https://registry.npmjs.org/@vue/compiler-core/-/compiler-core-3.2.26.tgz",
          "integrity": "sha512-N5XNBobZbaASdzY9Lga2D9Lul5vdCIOXvUMd6ThcN8zgqQhPKfCV+wfAJNNJKQkSHudnYRO2gEB+lp0iN3g2Tw==",
          "requires": {
            "@babel/parser": "^7.16.4",
            "@vue/shared": "3.2.26",
            "estree-walker": "^2.0.2",
            "source-map": "^0.6.1"
          }
        },
        "@vue/compiler-dom": {
          "version": "3.2.26",
          "resolved": "https://registry.npmjs.org/@vue/compiler-dom/-/compiler-dom-3.2.26.tgz",
          "integrity": "sha512-smBfaOW6mQDxcT3p9TKT6mE22vjxjJL50GFVJiI0chXYGU/xzC05QRGrW3HHVuJrmLTLx5zBhsZ2dIATERbarg==",
          "requires": {
            "@vue/compiler-core": "3.2.26",
            "@vue/shared": "3.2.26"
          }
        },
        "@vue/compiler-ssr": {
          "version": "3.2.26",
          "resolved": "https://registry.npmjs.org/@vue/compiler-ssr/-/compiler-ssr-3.2.26.tgz",
          "integrity": "sha512-2mywLX0ODc4Zn8qBoA2PDCsLEZfpUGZcyoFRLSOjyGGK6wDy2/5kyDOWtf0S0UvtoyVq95OTSGIALjZ4k2q/ag==",
          "requires": {
            "@vue/compiler-dom": "3.2.26",
            "@vue/shared": "3.2.26"
          }
        },
        "@vue/shared": {
          "version": "3.2.26",
          "resolved": "https://registry.npmjs.org/@vue/shared/-/shared-3.2.26.tgz",
          "integrity": "sha512-vPV6Cq+NIWbH5pZu+V+2QHE9y1qfuTq49uNWw4f7FDEeZaDU2H2cx5jcUZOAKW7qTrUS4k6qZPbMy1x4N96nbA=="
        }
      }
    },
    "@vue/shared": {
      "version": "3.0.10",
      "resolved": "http://nodepackages.hellobike.cn:4873/@vue%2fshared/-/shared-3.0.10.tgz",
      "integrity": "sha1-VHbVYV0BvzOcZcLoBPWQm7wnhEo=",
      "dev": true
    },
    "@vueuse/core": {
      "version": "7.4.1",
      "resolved": "https://registry.npmjs.org/@vueuse/core/-/core-7.4.1.tgz",
      "integrity": "sha512-8UeLPCAieeQLXFHF1/28SIEK6ILLPb/4hp03hR+xkXF00gB/YUp0CEVcRAL9uQ8HTZa3S2T/jTISMc1ZjilM0A==",
      "requires": {
        "@vueuse/shared": "7.4.1",
        "vue-demi": "*"
      }
    },
    "@vueuse/shared": {
      "version": "7.4.1",
      "resolved": "https://registry.npmjs.org/@vueuse/shared/-/shared-7.4.1.tgz",
      "integrity": "sha512-Pzb7XoHIcgPwwBJ5Ow9lZb0HTDyaLDV3pgxKauPGTMN9qvEylG06kUG+VTjJXkPsRtiGu46di8XyFeMw2dongA==",
      "requires": {
        "vue-demi": "*"
      }
    },
    "ajv": {
      "version": "6.12.6",
      "resolved": "https://registry.npmjs.org/ajv/-/ajv-6.12.6.tgz",
      "integrity": "sha512-j3fVLgvTo527anyYyJOGTYJbG+vnnQYvE0m5mmkc1TK+nxAppkCLMIL0aZ4dblVCNoGShhm+kzE4ZUykBoMg4g==",
      "dev": true,
      "requires": {
        "fast-deep-equal": "^3.1.1",
        "fast-json-stable-stringify": "^2.0.0",
        "json-schema-traverse": "^0.4.1",
        "uri-js": "^4.2.2"
      }
    },
    "ajv-keywords": {
      "version": "3.5.2",
      "resolved": "https://registry.npmjs.org/ajv-keywords/-/ajv-keywords-3.5.2.tgz",
      "integrity": "sha512-5p6WTN0DdTGVQk6VjcEju19IgaHudalcfabD7yhDGeA6bcQnmL+CpveLJq/3hvfwd1aof6L386Ougkx6RfyMIQ==",
      "dev": true
    },
    "anymatch": {
      "version": "3.1.2",
      "resolved": "https://registry.npmjs.org/anymatch/-/anymatch-3.1.2.tgz",
      "integrity": "sha512-P43ePfOAIupkguHUycrc4qJ9kz8ZiuOUijaETwX7THt0Y/GNK7v0aa8rY816xWjZ7rJdA5XdMcpVFTKMq+RvWg==",
      "dev": true,
      "requires": {
        "normalize-path": "^3.0.0",
        "picomatch": "^2.0.4"
      }
    },
    "async-validator": {
      "version": "4.0.7",
      "resolved": "https://registry.npmjs.org/async-validator/-/async-validator-4.0.7.tgz",
      "integrity": "sha512-Pj2IR7u8hmUEDOwB++su6baaRi+QvsgajuFB9j95foM1N2gy5HM4z60hfusIO0fBPG5uLAEl6yCJr1jNSVugEQ=="
    },
    "big.js": {
      "version": "5.2.2",
      "resolved": "http://nodepackages.hellobike.cn:4873/big.js/-/big.js-5.2.2.tgz",
      "integrity": "sha1-ZfCvOC9Xi83HQr2cKB6cstd2gyg=",
      "dev": true
    },
    "binary-extensions": {
      "version": "2.2.0",
      "resolved": "https://registry.npmjs.org/binary-extensions/-/binary-extensions-2.2.0.tgz",
      "integrity": "sha512-jDctJ/IVQbZoJykoeHbhXpOlNBqGNcwXJKJog42E5HDPUwQTSdjCHdihjj0DlnheQ7blbT6dHOafNAiS8ooQKA==",
      "dev": true
    },
    "bluebird": {
      "version": "3.7.2",
      "resolved": "http://nodepackages.hellobike.cn:4873/bluebird/-/bluebird-3.7.2.tgz",
      "integrity": "sha1-nyKcFb4nJFT/qXOs4NvueaGww28=",
      "dev": true
    },
    "braces": {
      "version": "3.0.2",
      "resolved": "https://registry.npmjs.org/braces/-/braces-3.0.2.tgz",
      "integrity": "sha512-b8um+L1RzM3WDSzvhm6gIz1yfTbBt6YTlcEKAvsmqCZZFw46z626lVj9j1yEPW33H5H+lBQpZMP1k8l+78Ha0A==",
      "dev": true,
      "requires": {
        "fill-range": "^7.0.1"
      }
    },
    "chokidar": {
      "version": "3.5.2",
      "resolved": "https://registry.npmjs.org/chokidar/-/chokidar-3.5.2.tgz",
      "integrity": "sha512-ekGhOnNVPgT77r4K/U3GDhu+FQ2S8TnK/s2KbIGXi0SZWuwkZ2QNyfWdZW+TVfn84DpEP7rLeCt2UI6bJ8GwbQ==",
      "dev": true,
      "requires": {
        "anymatch": "~3.1.2",
        "braces": "~3.0.2",
        "fsevents": "~2.3.2",
        "glob-parent": "~5.1.2",
        "is-binary-path": "~2.1.0",
        "is-glob": "~4.0.1",
        "normalize-path": "~3.0.0",
        "readdirp": "~3.6.0"
      }
    },
    "clone-deep": {
      "version": "4.0.1",
      "resolved": "https://registry.npmjs.org/clone-deep/-/clone-deep-4.0.1.tgz",
      "integrity": "sha512-neHB9xuzh/wk0dIHweyAXv2aPGZIVk3pLMe+/RNzINf17fe0OG96QroktYAUm7SM1PBnzTabaLboqqxDyMU+SQ==",
      "dev": true,
      "requires": {
        "is-plain-object": "^2.0.4",
        "kind-of": "^6.0.2",
        "shallow-clone": "^3.0.0"
      }
    },
    "colorette": {
      "version": "1.2.2",
      "resolved": "http://nodepackages.hellobike.cn:4873/colorette/-/colorette-1.2.2.tgz",
      "integrity": "sha1-y8x51emcrqLb8Q6zom/Ys+as+pQ="
    },
    "consolidate": {
      "version": "0.16.0",
      "resolved": "http://nodepackages.hellobike.cn:4873/consolidate/-/consolidate-0.16.0.tgz",
      "integrity": "sha1-oRhkdokw8vGUMWYKZZBmaPX73BY=",
      "dev": true,
      "requires": {
        "bluebird": "^3.7.2"
      }
    },
    "cssesc": {
      "version": "3.0.0",
      "resolved": "http://nodepackages.hellobike.cn:4873/cssesc/-/cssesc-3.0.0.tgz",
      "integrity": "sha1-N3QZGZA7hoVl4cCep0dEXNGJg+4=",
      "dev": true
    },
    "csstype": {
      "version": "2.6.19",
      "resolved": "https://registry.npmjs.org/csstype/-/csstype-2.6.19.tgz",
      "integrity": "sha512-ZVxXaNy28/k3kJg0Fou5MiYpp88j7H9hLZp8PDC3jV0WFjfH5E9xHb56L0W59cPbKbcHXeP4qyT8PrHp8t6LcQ=="
    },
    "dayjs": {
      "version": "1.10.7",
      "resolved": "https://registry.npmjs.org/dayjs/-/dayjs-1.10.7.tgz",
      "integrity": "sha512-P6twpd70BcPK34K26uJ1KT3wlhpuOAPoMwJzpsIWUxHZ7wpmbdZL/hQqBDfz7hGurYSa5PhzdhDHtt319hL3ig=="
    },
    "element-plus": {
      "version": "1.2.0-beta.6",
      "resolved": "https://registry.npmjs.org/element-plus/-/element-plus-1.2.0-beta.6.tgz",
      "integrity": "sha512-8EdSIR/5/FHcSB8w1diAh+gJMHgxIvxuZoayY99k6taAR1QyEFHuPTgFccZLopJ1+iP4UEsZFz49l57qS08Utw==",
      "requires": {
        "@element-plus/icons-vue": "^0.2.2",
        "@popperjs/core": "^2.10.2",
        "@vueuse/core": "^7.0.0",
        "async-validator": "^4.0.7",
        "dayjs": "^1.10.7",
        "lodash": "^4.17.21",
        "memoize-one": "^6.0.0",
        "normalize-wheel-es": "^1.1.1"
      }
    },
    "emojis-list": {
      "version": "3.0.0",
      "resolved": "http://nodepackages.hellobike.cn:4873/emojis-list/-/emojis-list-3.0.0.tgz",
      "integrity": "sha1-VXBmIEatKeLpFucariYKvf9Pang=",
      "dev": true
    },
    "esbuild": {
      "version": "0.9.7",
      "resolved": "http://nodepackages.hellobike.cn:4873/esbuild/-/esbuild-0.9.7.tgz",
      "integrity": "sha1-6g1jnL5LiOwl++1Nb/AMjXiO9ws=",
      "dev": true
    },
    "estree-walker": {
      "version": "2.0.2",
      "resolved": "http://nodepackages.hellobike.cn:4873/estree-walker/-/estree-walker-2.0.2.tgz",
      "integrity": "sha1-UvAQF4wqTBF6d1fP6UKtt9LaTKw="
    },
    "fast-deep-equal": {
      "version": "3.1.3",
      "resolved": "https://registry.npmjs.org/fast-deep-equal/-/fast-deep-equal-3.1.3.tgz",
      "integrity": "sha512-f3qQ9oQy9j2AhBe/H9VC91wLmKBCCU/gDOnKNAYG5hswO7BLKj09Hc5HYNz9cGI++xlpDCIgDaitVs03ATR84Q==",
      "dev": true
    },
    "fast-json-stable-stringify": {
      "version": "2.1.0",
      "resolved": "https://registry.npmjs.org/fast-json-stable-stringify/-/fast-json-stable-stringify-2.1.0.tgz",
      "integrity": "sha512-lhd/wF+Lk98HZoTCtlVraHtfh5XYijIjalXck7saUtuanSDyLMxnHhSXEDJqHxD7msR8D0uCmqlkwjCV8xvwHw==",
      "dev": true
    },
    "fill-range": {
      "version": "7.0.1",
      "resolved": "https://registry.npmjs.org/fill-range/-/fill-range-7.0.1.tgz",
      "integrity": "sha512-qOo9F+dMUmC2Lcb4BbVvnKJxTPjCm+RRpe4gDuGrzkL7mEVl/djYSu2OdQ2Pa302N4oqkSg9ir6jaLWJ2USVpQ==",
      "dev": true,
      "requires": {
        "to-regex-range": "^5.0.1"
      }
    },
    "fsevents": {
      "version": "2.3.2",
      "resolved": "http://nodepackages.hellobike.cn:4873/fsevents/-/fsevents-2.3.2.tgz",
      "integrity": "sha1-ilJveLj99GI7cJ4Ll1xSwkwC/Ro=",
      "dev": true,
      "optional": true
    },
    "function-bind": {
      "version": "1.1.1",
      "resolved": "http://nodepackages.hellobike.cn:4873/function-bind/-/function-bind-1.1.1.tgz",
      "integrity": "sha1-pWiZ0+o8m6uHS7l3O3xe3pL0iV0=",
      "dev": true
    },
    "generic-names": {
      "version": "2.0.1",
      "resolved": "http://nodepackages.hellobike.cn:4873/generic-names/-/generic-names-2.0.1.tgz",
      "integrity": "sha1-+KN46tLMqno08DF7BVVIMq5BuHI=",
      "dev": true,
      "requires": {
        "loader-utils": "^1.1.0"
      }
    },
    "glob-parent": {
      "version": "5.1.2",
      "resolved": "https://registry.npmjs.org/glob-parent/-/glob-parent-5.1.2.tgz",
      "integrity": "sha512-AOIgSQCepiJYwP3ARnGx+5VnTu2HBYdzbGP45eLw1vr3zB3vZLeyed1sC9hnbcOc9/SrMyM5RPQrkGz4aS9Zow==",
      "dev": true,
      "requires": {
        "is-glob": "^4.0.1"
      }
    },
    "has": {
      "version": "1.0.3",
      "resolved": "http://nodepackages.hellobike.cn:4873/has/-/has-1.0.3.tgz",
      "integrity": "sha1-ci18v8H2qoJB8W3YFOAR4fQeh5Y=",
      "dev": true,
      "requires": {
        "function-bind": "^1.1.1"
      }
    },
    "hash-sum": {
      "version": "2.0.0",
      "resolved": "http://nodepackages.hellobike.cn:4873/hash-sum/-/hash-sum-2.0.0.tgz",
      "integrity": "sha1-gdAbtd6OpKIUrV1urRtSNGCwtFo=",
      "dev": true
    },
    "icss-replace-symbols": {
      "version": "1.1.0",
      "resolved": "http://nodepackages.hellobike.cn:4873/icss-replace-symbols/-/icss-replace-symbols-1.1.0.tgz",
      "integrity": "sha1-Bupvg2ead0njhs/h/oEq5dsiPe0=",
      "dev": true
    },
    "icss-utils": {
      "version": "5.1.0",
      "resolved": "http://nodepackages.hellobike.cn:4873/icss-utils/-/icss-utils-5.1.0.tgz",
      "integrity": "sha1-xr5oWKvQE9do6YNmrkfiXViHsa4=",
      "dev": true
    },
    "indexes-of": {
      "version": "1.0.1",
      "resolved": "http://nodepackages.hellobike.cn:4873/indexes-of/-/indexes-of-1.0.1.tgz",
      "integrity": "sha1-8w9xbI4r00bHtn0985FVZqfAVgc=",
      "dev": true
    },
    "is-binary-path": {
      "version": "2.1.0",
      "resolved": "https://registry.npmjs.org/is-binary-path/-/is-binary-path-2.1.0.tgz",
      "integrity": "sha512-ZMERYes6pDydyuGidse7OsHxtbI7WVeUEozgR/g7rd0xUimYNlvZRE/K2MgZTjWy725IfelLeVcEM97mmtRGXw==",
      "dev": true,
      "requires": {
        "binary-extensions": "^2.0.0"
      }
    },
    "is-core-module": {
      "version": "2.2.0",
      "resolved": "http://nodepackages.hellobike.cn:4873/is-core-module/-/is-core-module-2.2.0.tgz",
      "integrity": "sha1-lwN+89UiJNhRY/VZeytj2a/tmBo=",
      "dev": true,
      "requires": {
        "has": "^1.0.3"
      }
    },
    "is-extglob": {
      "version": "2.1.1",
      "resolved": "https://registry.npmjs.org/is-extglob/-/is-extglob-2.1.1.tgz",
      "integrity": "sha1-qIwCU1eR8C7TfHahueqXc8gz+MI=",
      "dev": true
    },
    "is-glob": {
      "version": "4.0.3",
      "resolved": "https://registry.npmjs.org/is-glob/-/is-glob-4.0.3.tgz",
      "integrity": "sha512-xelSayHH36ZgE7ZWhli7pW34hNbNl8Ojv5KVmkJD4hBdD3th8Tfk9vYasLM+mXWOZhFkgZfxhLSnrwRr4elSSg==",
      "dev": true,
      "requires": {
        "is-extglob": "^2.1.1"
      }
    },
    "is-number": {
      "version": "7.0.0",
      "resolved": "https://registry.npmjs.org/is-number/-/is-number-7.0.0.tgz",
      "integrity": "sha512-41Cifkg6e8TylSpdtTpeLVMqvSBEVzTttHvERD741+pnZ8ANv0004MRL43QKPDlK9cGvNp6NZWZUBlbGXYxxng==",
      "dev": true
    },
    "is-plain-object": {
      "version": "2.0.4",
      "resolved": "https://registry.npmjs.org/is-plain-object/-/is-plain-object-2.0.4.tgz",
      "integrity": "sha512-h5PpgXkWitc38BBMYawTYMWJHFZJVnBquFE57xFpjB8pJFiF6gZ+bU+WyI/yqXiFR5mdLsgYNaPe8uao6Uv9Og==",
      "dev": true,
      "requires": {
        "isobject": "^3.0.1"
      }
    },
    "isobject": {
      "version": "3.0.1",
      "resolved": "https://registry.npmjs.org/isobject/-/isobject-3.0.1.tgz",
      "integrity": "sha1-TkMekrEalzFjaqH5yNHMvP2reN8=",
      "dev": true
    },
    "json-schema-traverse": {
      "version": "0.4.1",
      "resolved": "https://registry.npmjs.org/json-schema-traverse/-/json-schema-traverse-0.4.1.tgz",
      "integrity": "sha512-xbbCH5dCYU5T8LcEhhuh7HJ88HXuW3qsI3Y0zOZFKfZEHcpWiHU/Jxzk629Brsab/mMiHQti9wMP+845RPe3Vg==",
      "dev": true
    },
    "json5": {
      "version": "1.0.1",
      "resolved": "http://nodepackages.hellobike.cn:4873/json5/-/json5-1.0.1.tgz",
      "integrity": "sha1-d5+wAYYE+oVOrL9iUhgNg1Q+Pb4=",
      "dev": true,
      "requires": {
        "minimist": "^1.2.0"
      }
    },
    "kind-of": {
      "version": "6.0.3",
      "resolved": "https://registry.npmjs.org/kind-of/-/kind-of-6.0.3.tgz",
      "integrity": "sha512-dcS1ul+9tmeD95T+x28/ehLgd9mENa3LsvDTtzm3vyBEO7RPptvAD+t44WVXaUjTBRcrpFeFlC8WCruUR456hw==",
      "dev": true
    },
    "loader-utils": {
      "version": "1.4.0",
      "resolved": "http://nodepackages.hellobike.cn:4873/loader-utils/-/loader-utils-1.4.0.tgz",
      "integrity": "sha1-xXm140yzSxp07cbB+za/o3HVphM=",
      "dev": true,
      "requires": {
        "big.js": "^5.2.2",
        "emojis-list": "^3.0.0",
        "json5": "^1.0.1"
      }
    },
    "lodash": {
      "version": "4.17.21",
      "resolved": "http://nodepackages.hellobike.cn:4873/lodash/-/lodash-4.17.21.tgz",
      "integrity": "sha1-Z5WRxWTDv/quhFTPCz3zcMPWkRw="
    },
    "lodash.camelcase": {
      "version": "4.3.0",
      "resolved": "http://nodepackages.hellobike.cn:4873/lodash.camelcase/-/lodash.camelcase-4.3.0.tgz",
      "integrity": "sha1-soqmKIorn8ZRA1x3EfZathkDMaY=",
      "dev": true
    },
    "lru-cache": {
      "version": "5.1.1",
      "resolved": "http://nodepackages.hellobike.cn:4873/lru-cache/-/lru-cache-5.1.1.tgz",
      "integrity": "sha1-HaJ+ZxAnGUdpXa9oSOhH8B2EuSA=",
      "dev": true,
      "requires": {
        "yallist": "^3.0.2"
      }
    },
    "magic-string": {
      "version": "0.25.7",
      "resolved": "http://nodepackages.hellobike.cn:4873/magic-string/-/magic-string-0.25.7.tgz",
      "integrity": "sha1-P0l9b9NMZpxnmNy4IfLvMfVEUFE=",
      "requires": {
        "sourcemap-codec": "^1.4.4"
      }
    },
    "memoize-one": {
      "version": "6.0.0",
      "resolved": "https://registry.npmjs.org/memoize-one/-/memoize-one-6.0.0.tgz",
      "integrity": "sha512-rkpe71W0N0c0Xz6QD0eJETuWAJGnJ9afsl1srmwPrI+yBCkge5EycXXbYRyvL29zZVUWQCY7InPRCv3GDXuZNw=="
    },
    "merge-source-map": {
      "version": "1.1.0",
      "resolved": "http://nodepackages.hellobike.cn:4873/merge-source-map/-/merge-source-map-1.1.0.tgz",
      "integrity": "sha1-L93n5gIJOfcJBqaPLXrmheTIxkY=",
      "dev": true,
      "requires": {
        "source-map": "^0.6.1"
      }
    },
    "minimist": {
      "version": "1.2.5",
      "resolved": "http://nodepackages.hellobike.cn:4873/minimist/-/minimist-1.2.5.tgz",
      "integrity": "sha1-Z9ZgFLZqaoqqDAg8X9WN9OTpdgI=",
      "dev": true
    },
    "neo-async": {
      "version": "2.6.2",
      "resolved": "https://registry.npmjs.org/neo-async/-/neo-async-2.6.2.tgz",
      "integrity": "sha512-Yd3UES5mWCSqR+qNT93S3UoYUkqAZ9lLg8a7g9rimsWmYGK8cVToA4/sF3RrshdyV3sAGMXVUmpMYOw+dLpOuw==",
      "dev": true
    },
    "normalize-path": {
      "version": "3.0.0",
      "resolved": "https://registry.npmjs.org/normalize-path/-/normalize-path-3.0.0.tgz",
      "integrity": "sha512-6eZs5Ls3WtCisHWp9S2GUy8dqkpGi4BVSz3GaqiE6ezub0512ESztXUwUB6C6IKbQkY2Pnb/mD4WYojCRwcwLA==",
      "dev": true
    },
    "normalize-wheel-es": {
      "version": "1.1.1",
      "resolved": "https://registry.npmjs.org/normalize-wheel-es/-/normalize-wheel-es-1.1.1.tgz",
      "integrity": "sha512-157VNH4CngrcsvF8xOVOe22cwniIR3nxSltdctvQeHZj8JttEeOXffK28jucWfWBXs0QNetAumjc1GiInnwX4w=="
    },
    "path-parse": {
      "version": "1.0.7",
      "resolved": "https://registry.npmjs.org/path-parse/-/path-parse-1.0.7.tgz",
      "integrity": "sha512-LDJzPVEEEPR+y48z93A0Ed0yXb8pAByGWo/k5YYdYgpY2/2EsOsksJrq7lOHxryrVOn1ejG6oAp8ahvOIQD8sw==",
      "dev": true
    },
    "picomatch": {
      "version": "2.3.0",
      "resolved": "https://registry.npmjs.org/picomatch/-/picomatch-2.3.0.tgz",
      "integrity": "sha512-lY1Q/PiJGC2zOv/z391WOTD+Z02bCgsFfvxoXXf6h7kv9o+WmsmzYqrAwY63sNgOxE4xEdq0WyUnXfKeBrSvYw==",
      "dev": true
    },
    "postcss": {
      "version": "8.2.15",
      "resolved": "https://registry.npmjs.org/postcss/-/postcss-8.2.15.tgz",
      "integrity": "sha512-2zO3b26eJD/8rb106Qu2o7Qgg52ND5HPjcyQiK2B98O388h43A448LCslC0dI2P97wCAQRJsFvwTRcXxTKds+Q==",
      "requires": {
        "colorette": "^1.2.2",
        "nanoid": "^3.1.23",
        "source-map": "^0.6.1"
      },
      "dependencies": {
        "nanoid": {
          "version": "3.1.23",
          "resolved": "https://registry.npmjs.org/nanoid/-/nanoid-3.1.23.tgz",
          "integrity": "sha512-FiB0kzdP0FFVGDKlRLEQ1BgDzU87dy5NnzjeW9YZNt+/c3+q82EQDUwniSAUxp/F0gFNI1ZhKU1FqYsMuqZVnw=="
        }
      }
    },
    "postcss-modules": {
      "version": "4.0.0",
      "resolved": "http://nodepackages.hellobike.cn:4873/postcss-modules/-/postcss-modules-4.0.0.tgz",
      "integrity": "sha1-K8fydquI8/Gw+t9svXdy1DtfO5s=",
      "dev": true,
      "requires": {
        "generic-names": "^2.0.1",
        "icss-replace-symbols": "^1.1.0",
        "lodash.camelcase": "^4.3.0",
        "postcss-modules-extract-imports": "^3.0.0",
        "postcss-modules-local-by-default": "^4.0.0",
        "postcss-modules-scope": "^3.0.0",
        "postcss-modules-values": "^4.0.0",
        "string-hash": "^1.1.1"
      }
    },
    "postcss-modules-extract-imports": {
      "version": "3.0.0",
      "resolved": "http://nodepackages.hellobike.cn:4873/postcss-modules-extract-imports/-/postcss-modules-extract-imports-3.0.0.tgz",
      "integrity": "sha1-zaHwR8CugMl9vijD52pDuIAldB0=",
      "dev": true
    },
    "postcss-modules-local-by-default": {
      "version": "4.0.0",
      "resolved": "http://nodepackages.hellobike.cn:4873/postcss-modules-local-by-default/-/postcss-modules-local-by-default-4.0.0.tgz",
      "integrity": "sha1-67tU+uFZjuz99pGgKz/zs5ClpRw=",
      "dev": true,
      "requires": {
        "icss-utils": "^5.0.0",
        "postcss-selector-parser": "^6.0.2",
        "postcss-value-parser": "^4.1.0"
      }
    },
    "postcss-modules-scope": {
      "version": "3.0.0",
      "resolved": "http://nodepackages.hellobike.cn:4873/postcss-modules-scope/-/postcss-modules-scope-3.0.0.tgz",
      "integrity": "sha1-nvMVFFbTu/oSDKRImN/Kby+gHwY=",
      "dev": true,
      "requires": {
        "postcss-selector-parser": "^6.0.4"
      }
    },
    "postcss-modules-values": {
      "version": "4.0.0",
      "resolved": "http://nodepackages.hellobike.cn:4873/postcss-modules-values/-/postcss-modules-values-4.0.0.tgz",
      "integrity": "sha1-18Xn5ow7s8myfL9Iyguz/7RgLJw=",
      "dev": true,
      "requires": {
        "icss-utils": "^5.0.0"
      }
    },
    "postcss-selector-parser": {
      "version": "6.0.4",
      "resolved": "http://nodepackages.hellobike.cn:4873/postcss-selector-parser/-/postcss-selector-parser-6.0.4.tgz",
      "integrity": "sha1-VgdaE4CgRgTDiwY+p3Z6Epr1wrM=",
      "dev": true,
      "requires": {
        "cssesc": "^3.0.0",
        "indexes-of": "^1.0.1",
        "uniq": "^1.0.1",
        "util-deprecate": "^1.0.2"
      }
    },
    "postcss-value-parser": {
      "version": "4.1.0",
      "resolved": "http://nodepackages.hellobike.cn:4873/postcss-value-parser/-/postcss-value-parser-4.1.0.tgz",
      "integrity": "sha1-RD9qIM7WSBor2k+oUypuVdeJoss=",
      "dev": true
    },
    "punycode": {
      "version": "2.1.1",
      "resolved": "https://registry.npmjs.org/punycode/-/punycode-2.1.1.tgz",
      "integrity": "sha512-XRsRjdf+j5ml+y/6GKHPZbrF/8p2Yga0JPtdqTIY2Xe5ohJPD9saDJJLPvp9+NSBprVvevdXZybnj2cv8OEd0A==",
      "dev": true
    },
    "readdirp": {
      "version": "3.6.0",
      "resolved": "https://registry.npmjs.org/readdirp/-/readdirp-3.6.0.tgz",
      "integrity": "sha512-hOS089on8RduqdbhvQ5Z37A0ESjsqz6qnRcffsMU3495FuTdqSm+7bhJ29JvIOsBDEEnan5DPu9t3To9VRlMzA==",
      "dev": true,
      "requires": {
        "picomatch": "^2.2.1"
      }
    },
    "resolve": {
      "version": "1.20.0",
      "resolved": "http://nodepackages.hellobike.cn:4873/resolve/-/resolve-1.20.0.tgz",
      "integrity": "sha1-YpoBP7P3B1XW8LeTXMHCxTeLGXU=",
      "dev": true,
      "requires": {
        "is-core-module": "^2.2.0",
        "path-parse": "^1.0.6"
      }
    },
    "rollup": {
      "version": "2.44.0",
      "resolved": "http://nodepackages.hellobike.cn:4873/rollup/-/rollup-2.44.0.tgz",
      "integrity": "sha1-jaMk0cT9Er7vmubhL0BoJlttles=",
      "dev": true,
      "requires": {
        "fsevents": "~2.3.1"
      }
    },
    "sass": {
      "version": "1.26.5",
      "resolved": "https://registry.npmjs.org/sass/-/sass-1.26.5.tgz",
      "integrity": "sha512-FG2swzaZUiX53YzZSjSakzvGtlds0lcbF+URuU9mxOv7WBh7NhXEVDa4kPKN4hN6fC2TkOTOKqiqp6d53N9X5Q==",
      "dev": true,
      "requires": {
        "chokidar": ">=2.0.0 <4.0.0"
      }
    },
    "sass-loader": {
      "version": "8.0.2",
      "resolved": "https://registry.npmjs.org/sass-loader/-/sass-loader-8.0.2.tgz",
      "integrity": "sha512-7o4dbSK8/Ol2KflEmSco4jTjQoV988bM82P9CZdmo9hR3RLnvNc0ufMNdMrB0caq38JQ/FgF4/7RcbcfKzxoFQ==",
      "dev": true,
      "requires": {
        "clone-deep": "^4.0.1",
        "loader-utils": "^1.2.3",
        "neo-async": "^2.6.1",
        "schema-utils": "^2.6.1",
        "semver": "^6.3.0"
      }
    },
    "schema-utils": {
      "version": "2.7.1",
      "resolved": "https://registry.npmjs.org/schema-utils/-/schema-utils-2.7.1.tgz",
      "integrity": "sha512-SHiNtMOUGWBQJwzISiVYKu82GiV4QYGePp3odlY1tuKO7gPtphAT5R/py0fA6xtbgLL/RvtJZnU9b8s0F1q0Xg==",
      "dev": true,
      "requires": {
        "@types/json-schema": "^7.0.5",
        "ajv": "^6.12.4",
        "ajv-keywords": "^3.5.2"
      }
    },
    "semver": {
      "version": "6.3.0",
      "resolved": "https://registry.npmjs.org/semver/-/semver-6.3.0.tgz",
      "integrity": "sha512-b39TBaTSfV6yBrapU89p5fKekE2m/NwnDocOVruQFS1/veMgdzuPcnOM34M6CwxW8jH/lxEa5rBoDeUwu5HHTw==",
      "dev": true
    },
    "shallow-clone": {
      "version": "3.0.1",
      "resolved": "https://registry.npmjs.org/shallow-clone/-/shallow-clone-3.0.1.tgz",
      "integrity": "sha512-/6KqX+GVUdqPuPPd2LxDDxzX6CAbjJehAAOKlNpqqUpAqPM6HeL8f+o3a+JsyGjn2lv0WY8UsTgUJjU9Ok55NA==",
      "dev": true,
      "requires": {
        "kind-of": "^6.0.2"
      }
    },
    "source-map": {
      "version": "0.6.1",
      "resolved": "http://nodepackages.hellobike.cn:4873/source-map/-/source-map-0.6.1.tgz",
      "integrity": "sha512-UjgapumWlbMhkBgzT7Ykc5YXUT46F0iKu8SGXq0bcwP5dz/h0Plj6enJqjz1Zbq2l5WaqYnrVbwWOWMyF3F47g=="
    },
    "sourcemap-codec": {
      "version": "1.4.8",
      "resolved": "http://nodepackages.hellobike.cn:4873/sourcemap-codec/-/sourcemap-codec-1.4.8.tgz",
      "integrity": "sha1-6oBL2UhXQC5pktBaOO8a41qatMQ="
    },
    "string-hash": {
      "version": "1.1.3",
      "resolved": "http://nodepackages.hellobike.cn:4873/string-hash/-/string-hash-1.1.3.tgz",
      "integrity": "sha1-6Kr8CsGFW0Zmkp7X3RJ1311sgRs=",
      "dev": true
    },
    "to-fast-properties": {
      "version": "2.0.0",
      "resolved": "http://nodepackages.hellobike.cn:4873/to-fast-properties/-/to-fast-properties-2.0.0.tgz",
      "integrity": "sha1-3F5pjL0HkmW8c+A3doGk5Og/YW4=",
      "dev": true
    },
    "to-regex-range": {
      "version": "5.0.1",
      "resolved": "https://registry.npmjs.org/to-regex-range/-/to-regex-range-5.0.1.tgz",
      "integrity": "sha512-65P7iz6X5yEr1cwcgvQxbbIw7Uk3gOy5dIdtZ4rDveLqhrdJP+Li/Hx6tyK0NEb+2GCyneCMJiGqrADCSNk8sQ==",
      "dev": true,
      "requires": {
        "is-number": "^7.0.0"
      }
    },
    "uniq": {
      "version": "1.0.1",
      "resolved": "http://nodepackages.hellobike.cn:4873/uniq/-/uniq-1.0.1.tgz",
      "integrity": "sha1-sxxa6CVIRKOoKBVBzisEuGWnNP8=",
      "dev": true
    },
    "uri-js": {
      "version": "4.4.1",
      "resolved": "https://registry.npmjs.org/uri-js/-/uri-js-4.4.1.tgz",
      "integrity": "sha512-7rKUyy33Q1yc98pQ1DAmLtwX109F7TIfWlW1Ydo8Wl1ii1SeHieeh0HHfPeL2fMXK6z0s8ecKs9frCuLJvndBg==",
      "dev": true,
      "requires": {
        "punycode": "^2.1.0"
      }
    },
    "util-deprecate": {
      "version": "1.0.2",
      "resolved": "http://nodepackages.hellobike.cn:4873/util-deprecate/-/util-deprecate-1.0.2.tgz",
      "integrity": "sha1-RQ1Nyfpw3nMnYvvS1KKJgUGaDM8=",
      "dev": true
    },
    "vite": {
      "version": "2.1.5",
      "resolved": "http://nodepackages.hellobike.cn:4873/vite/-/vite-2.1.5.tgz",
      "integrity": "sha1-SFfaRBxi95gsg8vV9CoAMw8gycE=",
      "dev": true,
      "requires": {
        "esbuild": "^0.9.3",
        "fsevents": "~2.3.1",
        "postcss": "^8.2.1",
        "resolve": "^1.19.0",
        "rollup": "^2.38.5"
      }
    },
    "vue": {
      "version": "3.2.26",
      "resolved": "https://registry.npmjs.org/vue/-/vue-3.2.26.tgz",
      "integrity": "sha512-KD4lULmskL5cCsEkfhERVRIOEDrfEL9CwAsLYpzptOGjaGFNWo3BQ9g8MAb7RaIO71rmVOziZ/uEN/rHwcUIhg==",
      "requires": {
        "@vue/compiler-dom": "3.2.26",
        "@vue/compiler-sfc": "3.2.26",
        "@vue/runtime-dom": "3.2.26",
        "@vue/server-renderer": "3.2.26",
        "@vue/shared": "3.2.26"
      },
      "dependencies": {
        "@babel/parser": {
          "version": "7.16.6",
          "resolved": "https://registry.npmjs.org/@babel/parser/-/parser-7.16.6.tgz",
          "integrity": "sha512-Gr86ujcNuPDnNOY8mi383Hvi8IYrJVJYuf3XcuBM/Dgd+bINn/7tHqsj+tKkoreMbmGsFLsltI/JJd8fOFWGDQ=="
        },
        "@vue/compiler-core": {
          "version": "3.2.26",
          "resolved": "https://registry.npmjs.org/@vue/compiler-core/-/compiler-core-3.2.26.tgz",
          "integrity": "sha512-N5XNBobZbaASdzY9Lga2D9Lul5vdCIOXvUMd6ThcN8zgqQhPKfCV+wfAJNNJKQkSHudnYRO2gEB+lp0iN3g2Tw==",
          "requires": {
            "@babel/parser": "^7.16.4",
            "@vue/shared": "3.2.26",
            "estree-walker": "^2.0.2",
            "source-map": "^0.6.1"
          }
        },
        "@vue/compiler-dom": {
          "version": "3.2.26",
          "resolved": "https://registry.npmjs.org/@vue/compiler-dom/-/compiler-dom-3.2.26.tgz",
          "integrity": "sha512-smBfaOW6mQDxcT3p9TKT6mE22vjxjJL50GFVJiI0chXYGU/xzC05QRGrW3HHVuJrmLTLx5zBhsZ2dIATERbarg==",
          "requires": {
            "@vue/compiler-core": "3.2.26",
            "@vue/shared": "3.2.26"
          }
        },
        "@vue/compiler-sfc": {
          "version": "3.2.26",
          "resolved": "https://registry.npmjs.org/@vue/compiler-sfc/-/compiler-sfc-3.2.26.tgz",
          "integrity": "sha512-ePpnfktV90UcLdsDQUh2JdiTuhV0Skv2iYXxfNMOK/F3Q+2BO0AulcVcfoksOpTJGmhhfosWfMyEaEf0UaWpIw==",
          "requires": {
            "@babel/parser": "^7.16.4",
            "@vue/compiler-core": "3.2.26",
            "@vue/compiler-dom": "3.2.26",
            "@vue/compiler-ssr": "3.2.26",
            "@vue/reactivity-transform": "3.2.26",
            "@vue/shared": "3.2.26",
            "estree-walker": "^2.0.2",
            "magic-string": "^0.25.7",
            "postcss": "^8.1.10",
            "source-map": "^0.6.1"
          }
        },
        "@vue/compiler-ssr": {
          "version": "3.2.26",
          "resolved": "https://registry.npmjs.org/@vue/compiler-ssr/-/compiler-ssr-3.2.26.tgz",
          "integrity": "sha512-2mywLX0ODc4Zn8qBoA2PDCsLEZfpUGZcyoFRLSOjyGGK6wDy2/5kyDOWtf0S0UvtoyVq95OTSGIALjZ4k2q/ag==",
          "requires": {
            "@vue/compiler-dom": "3.2.26",
            "@vue/shared": "3.2.26"
          }
        },
        "@vue/shared": {
          "version": "3.2.26",
          "resolved": "https://registry.npmjs.org/@vue/shared/-/shared-3.2.26.tgz",
          "integrity": "sha512-vPV6Cq+NIWbH5pZu+V+2QHE9y1qfuTq49uNWw4f7FDEeZaDU2H2cx5jcUZOAKW7qTrUS4k6qZPbMy1x4N96nbA=="
        }
      }
    },
    "vue-demi": {
      "version": "0.12.1",
      "resolved": "https://registry.npmjs.org/vue-demi/-/vue-demi-0.12.1.tgz",
      "integrity": "sha512-QL3ny+wX8c6Xm1/EZylbgzdoDolye+VpCXRhI2hug9dJTP3OUJ3lmiKN3CsVV3mOJKwFi0nsstbgob0vG7aoIw=="
    },
    "vue-router": {
      "version": "4.0.5",
      "resolved": "http://nodepackages.hellobike.cn:4873/vue-router/-/vue-router-4.0.5.tgz",
      "integrity": "sha1-3QpBNLyVDDeu9kuXPp7hAIQo2Po="
    },
    "yallist": {
      "version": "3.1.1",
      "resolved": "http://nodepackages.hellobike.cn:4873/yallist/-/yallist-3.1.1.tgz",
      "integrity": "sha1-27fa+b/YusmrRev2ArjLrQ1dCP0=",
      "dev": true
    }
  }
}
